
Microsoft Visual Studio Solution File, Format Version 12.00
Project("{FAE04EC0-301F-11D3-BF4B-00C04F79EFBC}") = "MyCarApp", "MyCarApp.csproj", "{DA135F41-E1E5-4BFB-945C-0A399D629710}"
EndProject
Global
	GlobalSection(SolutionConfigurationPlatforms) = preSolution
		Debug|Any CPU = Debug|Any CPU
		Release|Any CPU = Release|Any CPU
	EndGlobalSection
	GlobalSection(ProjectConfigurationPlatforms) = postSolution
		{DA135F41-E1E5-4BFB-945C-0A399D629710}.Debug|Any CPU.ActiveCfg = Debug|Any CPU
		{DA135F41-E1E5-4BFB-945C-0A399D629710}.Debug|Any CPU.Build.0 = Debug|Any CPU
		{DA135F41-E1E5-4BFB-945C-0A399D629710}.Release|Any CPU.ActiveCfg = Release|Any CPU
		{DA135F41-E1E5-4BFB-945C-0A399D629710}.Release|Any CPU.Build.0 = Release|Any CPU
	EndGlobalSection
EndGlobal
