
Microsoft Visual Studio Solution File, Format Version 12.00
Project("{FAE04EC0-301F-11D3-BF4B-00C04F79EFBC}") = "MyCarApp", "MyCarApp.csproj", "{043F3C4F-25E0-4901-8D77-CFF6F7E943A7}"
EndProject
Global
	GlobalSection(SolutionConfigurationPlatforms) = preSolution
		Debug|Any CPU = Debug|Any CPU
		Release|Any CPU = Release|Any CPU
	EndGlobalSection
	GlobalSection(ProjectConfigurationPlatforms) = postSolution
		{043F3C4F-25E0-4901-8D77-CFF6F7E943A7}.Debug|Any CPU.ActiveCfg = Debug|Any CPU
		{043F3C4F-25E0-4901-8D77-CFF6F7E943A7}.Debug|Any CPU.Build.0 = Debug|Any CPU
		{043F3C4F-25E0-4901-8D77-CFF6F7E943A7}.Release|Any CPU.ActiveCfg = Release|Any CPU
		{043F3C4F-25E0-4901-8D77-CFF6F7E943A7}.Release|Any CPU.Build.0 = Release|Any CPU
	EndGlobalSection
EndGlobal
